
Microsoft Visual Studio Solution File, Format Version 12.00
# Visual Studio Version 17
VisualStudioVersion = 17.13.35919.96 d17.13
MinimumVisualStudioVersion = 10.0.40219.1
Project("{FAE04EC0-301F-11D3-BF4B-00C04F79EFBC}") = "eCommerce", "eCommerce\eCommerce.csproj", "{C5DFFBED-072A-46A2-95B0-217BF2E3E816}"
EndProject
Global
	GlobalSection(SolutionConfigurationPlatforms) = preSolution
		Debug|Any CPU = Debug|Any CPU
		Release|Any CPU = Release|Any CPU
	EndGlobalSection
	GlobalSection(ProjectConfigurationPlatforms) = postSolution
		{C5DFFBED-072A-46A2-95B0-217BF2E3E816}.Debug|Any CPU.ActiveCfg = Debug|Any CPU
		{C5DFFBED-072A-46A2-95B0-217BF2E3E816}.Debug|Any CPU.Build.0 = Debug|Any CPU
		{C5DFFBED-072A-46A2-95B0-217BF2E3E816}.Release|Any CPU.ActiveCfg = Release|Any CPU
		{C5DFFBED-072A-46A2-95B0-217BF2E3E816}.Release|Any CPU.Build.0 = Release|Any CPU
	EndGlobalSection
	GlobalSection(SolutionProperties) = preSolution
		HideSolutionNode = FALSE
	EndGlobalSection
	GlobalSection(ExtensibilityGlobals) = postSolution
		SolutionGuid = {D0BBB24E-9761-457E-8FD1-62B52A47BBB1}
	EndGlobalSection
EndGlobal
